
Microsoft Visual Studio Solution File, Format Version 12.00
# Visual Studio Version 17
VisualStudioVersion = 17.4.33103.184
MinimumVisualStudioVersion = 10.0.40219.1
Project("{9A19103F-16F7-4668-BE54-9A1E7A4F7556}") = "Machine.Viewer", "Machine.Viewer\Machine.Viewer.csproj", "{57A30157-0AF7-4598-B01C-309C7652A45C}"
EndProject
Project("{9A19103F-16F7-4668-BE54-9A1E7A4F7556}") = "Machine.3D.Views", "Machine.3D.Views\Machine.3D.Views.csproj", "{27069364-D030-4491-96F0-DF704356F766}"
EndProject
Project("{9A19103F-16F7-4668-BE54-9A1E7A4F7556}") = "Machine.ViewModels.GeometryExtensions", "Machine.ViewModels.GeometryExtensions\Machine.ViewModels.GeometryExtensions.csproj", "{50800E4D-AC54-412D-B4BE-A99D25418C6B}"
EndProject
Project("{FAE04EC0-301F-11D3-BF4B-00C04F79EFBC}") = "MaterialRemove.ViewModels.3D", "MaterialRemove.ViewModels.3D\MaterialRemove.ViewModels.3D.csproj", "{688B229E-20DF-4569-A6A5-8D9E2B22E148}"
EndProject
Global
	GlobalSection(SolutionConfigurationPlatforms) = preSolution
		Debug|Any CPU = Debug|Any CPU
		Release|Any CPU = Release|Any CPU
	EndGlobalSection
	GlobalSection(ProjectConfigurationPlatforms) = postSolution
		{57A30157-0AF7-4598-B01C-309C7652A45C}.Debug|Any CPU.ActiveCfg = Debug|Any CPU
		{57A30157-0AF7-4598-B01C-309C7652A45C}.Debug|Any CPU.Build.0 = Debug|Any CPU
		{57A30157-0AF7-4598-B01C-309C7652A45C}.Release|Any CPU.ActiveCfg = Release|Any CPU
		{57A30157-0AF7-4598-B01C-309C7652A45C}.Release|Any CPU.Build.0 = Release|Any CPU
		{27069364-D030-4491-96F0-DF704356F766}.Debug|Any CPU.ActiveCfg = Debug|Any CPU
		{27069364-D030-4491-96F0-DF704356F766}.Debug|Any CPU.Build.0 = Debug|Any CPU
		{27069364-D030-4491-96F0-DF704356F766}.Release|Any CPU.ActiveCfg = Release|Any CPU
		{27069364-D030-4491-96F0-DF704356F766}.Release|Any CPU.Build.0 = Release|Any CPU
		{50800E4D-AC54-412D-B4BE-A99D25418C6B}.Debug|Any CPU.ActiveCfg = Debug|Any CPU
		{50800E4D-AC54-412D-B4BE-A99D25418C6B}.Debug|Any CPU.Build.0 = Debug|Any CPU
		{50800E4D-AC54-412D-B4BE-A99D25418C6B}.Release|Any CPU.ActiveCfg = Release|Any CPU
		{50800E4D-AC54-412D-B4BE-A99D25418C6B}.Release|Any CPU.Build.0 = Release|Any CPU
		{688B229E-20DF-4569-A6A5-8D9E2B22E148}.Debug|Any CPU.ActiveCfg = Debug|Any CPU
		{688B229E-20DF-4569-A6A5-8D9E2B22E148}.Debug|Any CPU.Build.0 = Debug|Any CPU
		{688B229E-20DF-4569-A6A5-8D9E2B22E148}.Release|Any CPU.ActiveCfg = Release|Any CPU
		{688B229E-20DF-4569-A6A5-8D9E2B22E148}.Release|Any CPU.Build.0 = Release|Any CPU
	EndGlobalSection
	GlobalSection(SolutionProperties) = preSolution
		HideSolutionNode = FALSE
	EndGlobalSection
	GlobalSection(ExtensibilityGlobals) = postSolution
		SolutionGuid = {23615E65-90E0-489C-AFB2-3D3F5D7258F0}
	EndGlobalSection
EndGlobal
